{
  "name": "panaderosoy",
  "version": "1.0.0",
  "lockfileVersion": 1,
  "requires": true,
  "dependencies": {
    "binary-file": {
      "version": "0.2.1",
      "resolved": "https://registry.npmjs.org/binary-file/-/binary-file-0.2.1.tgz",
      "integrity": "sha1-vaf0dqmjSnEvLCcUiW6pLpR+orQ=",
      "requires": {
        "denodeify": "^1.2.1"
      }
    },
    "denodeify": {
      "version": "1.2.1",
      "resolved": "https://registry.npmjs.org/denodeify/-/denodeify-1.2.1.tgz",
      "integrity": "sha1-OjYof1A05pnnV3kBBSwubJQlFjE="
    }
  }
}
